{
  "name": "weframe-box",
  "version": "1.0.0",
  "lockfileVersion": 1,
  "requires": true,
  "dependencies": {
    "systeminformation": {
      "version": "4.27.3",
      "resolved": "https://registry.npmjs.org/systeminformation/-/systeminformation-4.27.3.tgz",
      "integrity": "sha512-0Nc8AYEK818h7FI+bbe/kj7xXsMD5zOHvO9alUqQH/G4MHXu5tHQfWqC/bzWOk4JtoQPhnyLgxMYncDA2eeSBw=="
    }
  }
}
